// !$*UTF8*$!
{
	archiveVersion = 1;
	classes = {
	};
	objectVersion = 56;
	objects = {

/* Begin PBXBuildFile section */
		9051A1EE2C120EFC002AF636 /* swift_tutorialApp.swift in Sources */ = {isa = PBXBuildFile; fileRef = 9051A1ED2C120EFC002AF636 /* swift_tutorialApp.swift */; };
		9051A1F02C120EFC002AF636 /* ContentView.swift in Sources */ = {isa = PBXBuildFile; fileRef = 9051A1EF2C120EFC002AF636 /* ContentView.swift */; };
		9051A1F22C120EFE002AF636 /* Assets.xcassets in Resources */ = {isa = PBXBuildFile; fileRef = 9051A1F12C120EFE002AF636 /* Assets.xcassets */; };
		9051A1F52C120EFE002AF636 /* Preview Assets.xcassets in Resources */ = {isa = PBXBuildFile; fileRef = 9051A1F42C120EFE002AF636 /* Preview Assets.xcassets */; };
		906AB7EB2C131070000643B8 /* DealButton.swift in Sources */ = {isa = PBXBuildFile; fileRef = 906AB7EA2C131070000643B8 /* DealButton.swift */; };
		906AB7EF2C131256000643B8 /* InitEnums.swift in Sources */ = {isa = PBXBuildFile; fileRef = 906AB7EE2C131256000643B8 /* InitEnums.swift */; };
		906AB7F12C13154E000643B8 /* ForEachPage.swift in Sources */ = {isa = PBXBuildFile; fileRef = 906AB7F02C13154E000643B8 /* ForEachPage.swift */; };
		906AB7F32C131832000643B8 /* Grids.swift in Sources */ = {isa = PBXBuildFile; fileRef = 906AB7F22C131832000643B8 /* Grids.swift */; };
		906AB7F52C131A76000643B8 /* BindingComponent.swift in Sources */ = {isa = PBXBuildFile; fileRef = 906AB7F42C131A76000643B8 /* BindingComponent.swift */; };
		906AB7F72C131C42000643B8 /* Animation.swift in Sources */ = {isa = PBXBuildFile; fileRef = 906AB7F62C131C42000643B8 /* Animation.swift */; };
		906AB7FA2C131E90000643B8 /* Transitions.swift in Sources */ = {isa = PBXBuildFile; fileRef = 906AB7F92C131E90000643B8 /* Transitions.swift */; };
		906AB7FC2C131F52000643B8 /* Sheets.swift in Sources */ = {isa = PBXBuildFile; fileRef = 906AB7FB2C131F52000643B8 /* Sheets.swift */; };
		906AB7FE2C1320CD000643B8 /* Navigation.swift in Sources */ = {isa = PBXBuildFile; fileRef = 906AB7FD2C1320CD000643B8 /* Navigation.swift */; };
		906AB8002C1322BC000643B8 /* List.swift in Sources */ = {isa = PBXBuildFile; fileRef = 906AB7FF2C1322BC000643B8 /* List.swift */; };
		906AB8022C14340F000643B8 /* ActionsheetBootcamp.swift in Sources */ = {isa = PBXBuildFile; fileRef = 906AB8012C14340F000643B8 /* ActionsheetBootcamp.swift */; };
		906AB8042C143712000643B8 /* TextFields.swift in Sources */ = {isa = PBXBuildFile; fileRef = 906AB8032C143712000643B8 /* TextFields.swift */; };
		906AB8062C1439E8000643B8 /* Pickers.swift in Sources */ = {isa = PBXBuildFile; fileRef = 906AB8052C1439E8000643B8 /* Pickers.swift */; };
		906AB8082C143C4F000643B8 /* OnAppearDisappear.swift in Sources */ = {isa = PBXBuildFile; fileRef = 906AB8072C143C4F000643B8 /* OnAppearDisappear.swift */; };
		906AB80A2C143CEC000643B8 /* IfLetGuard.swift in Sources */ = {isa = PBXBuildFile; fileRef = 906AB8092C143CEC000643B8 /* IfLetGuard.swift */; };
		906AB80C2C143FD2000643B8 /* CustomModel.swift in Sources */ = {isa = PBXBuildFile; fileRef = 906AB80B2C143FD2000643B8 /* CustomModel.swift */; };
		906AB8132C1448FD000643B8 /* FruitModel.swift in Sources */ = {isa = PBXBuildFile; fileRef = 906AB80F2C1448FC000643B8 /* FruitModel.swift */; };
		906AB8142C1448FD000643B8 /* FruitViewModel.swift in Sources */ = {isa = PBXBuildFile; fileRef = 906AB8102C1448FC000643B8 /* FruitViewModel.swift */; };
		906AB8152C1448FD000643B8 /* ViewModelBootcamp.swift in Sources */ = {isa = PBXBuildFile; fileRef = 906AB8112C1448FC000643B8 /* ViewModelBootcamp.swift */; };
		906AB8172C158907000643B8 /* EnvironmentObjectBootcamp.swift in Sources */ = {isa = PBXBuildFile; fileRef = 906AB8162C158907000643B8 /* EnvironmentObjectBootcamp.swift */; };
		906AB8192C158D1F000643B8 /* AppStorageBootcamp.swift in Sources */ = {isa = PBXBuildFile; fileRef = 906AB8182C158D1F000643B8 /* AppStorageBootcamp.swift */; };
		906AB81C2C1590F0000643B8 /* IntroView.swift in Sources */ = {isa = PBXBuildFile; fileRef = 906AB81B2C1590F0000643B8 /* IntroView.swift */; };
		906AB81E2C1590FA000643B8 /* OnboardingView.swift in Sources */ = {isa = PBXBuildFile; fileRef = 906AB81D2C1590FA000643B8 /* OnboardingView.swift */; };
		906AB8202C159109000643B8 /* ProfileView.swift in Sources */ = {isa = PBXBuildFile; fileRef = 906AB81F2C159109000643B8 /* ProfileView.swift */; };
		906AB8232C159212000643B8 /* OnboardingViewComponents.swift in Sources */ = {isa = PBXBuildFile; fileRef = 906AB8222C159212000643B8 /* OnboardingViewComponents.swift */; };
		906AB8252C15935A000643B8 /* AsyncImageBootcamp.swift in Sources */ = {isa = PBXBuildFile; fileRef = 906AB8242C15935A000643B8 /* AsyncImageBootcamp.swift */; };
		906AB8272C159582000643B8 /* NavigationStackBootcamp.swift in Sources */ = {isa = PBXBuildFile; fileRef = 906AB8262C159582000643B8 /* NavigationStackBootcamp.swift */; };
/* End PBXBuildFile section */

/* Begin PBXFileReference section */
		9051A1EA2C120EFC002AF636 /* swift-tutorial.app */ = {isa = PBXFileReference; explicitFileType = wrapper.application; includeInIndex = 0; path = "swift-tutorial.app"; sourceTree = BUILT_PRODUCTS_DIR; };
		9051A1ED2C120EFC002AF636 /* swift_tutorialApp.swift */ = {isa = PBXFileReference; lastKnownFileType = sourcecode.swift; path = swift_tutorialApp.swift; sourceTree = "<group>"; };
		9051A1EF2C120EFC002AF636 /* ContentView.swift */ = {isa = PBXFileReference; lastKnownFileType = sourcecode.swift; path = ContentView.swift; sourceTree = "<group>"; };
		9051A1F12C120EFE002AF636 /* Assets.xcassets */ = {isa = PBXFileReference; lastKnownFileType = folder.assetcatalog; path = Assets.xcassets; sourceTree = "<group>"; };
		9051A1F42C120EFE002AF636 /* Preview Assets.xcassets */ = {isa = PBXFileReference; lastKnownFileType = folder.assetcatalog; path = "Preview Assets.xcassets"; sourceTree = "<group>"; };
		906AB7EA2C131070000643B8 /* DealButton.swift */ = {isa = PBXFileReference; lastKnownFileType = sourcecode.swift; path = DealButton.swift; sourceTree = "<group>"; };
		906AB7EE2C131256000643B8 /* InitEnums.swift */ = {isa = PBXFileReference; lastKnownFileType = sourcecode.swift; path = InitEnums.swift; sourceTree = "<group>"; };
		906AB7F02C13154E000643B8 /* ForEachPage.swift */ = {isa = PBXFileReference; lastKnownFileType = sourcecode.swift; path = ForEachPage.swift; sourceTree = "<group>"; };
		906AB7F22C131832000643B8 /* Grids.swift */ = {isa = PBXFileReference; lastKnownFileType = sourcecode.swift; path = Grids.swift; sourceTree = "<group>"; };
		906AB7F42C131A76000643B8 /* BindingComponent.swift */ = {isa = PBXFileReference; lastKnownFileType = sourcecode.swift; path = BindingComponent.swift; sourceTree = "<group>"; };
		906AB7F62C131C42000643B8 /* Animation.swift */ = {isa = PBXFileReference; lastKnownFileType = sourcecode.swift; path = Animation.swift; sourceTree = "<group>"; };
		906AB7F92C131E90000643B8 /* Transitions.swift */ = {isa = PBXFileReference; lastKnownFileType = sourcecode.swift; path = Transitions.swift; sourceTree = "<group>"; };
		906AB7FB2C131F52000643B8 /* Sheets.swift */ = {isa = PBXFileReference; lastKnownFileType = sourcecode.swift; path = Sheets.swift; sourceTree = "<group>"; };
		906AB7FD2C1320CD000643B8 /* Navigation.swift */ = {isa = PBXFileReference; lastKnownFileType = sourcecode.swift; path = Navigation.swift; sourceTree = "<group>"; };
		906AB7FF2C1322BC000643B8 /* List.swift */ = {isa = PBXFileReference; lastKnownFileType = sourcecode.swift; path = List.swift; sourceTree = "<group>"; };
		906AB8012C14340F000643B8 /* ActionsheetBootcamp.swift */ = {isa = PBXFileReference; lastKnownFileType = sourcecode.swift; path = ActionsheetBootcamp.swift; sourceTree = "<group>"; };
		906AB8032C143712000643B8 /* TextFields.swift */ = {isa = PBXFileReference; lastKnownFileType = sourcecode.swift; path = TextFields.swift; sourceTree = "<group>"; };
		906AB8052C1439E8000643B8 /* Pickers.swift */ = {isa = PBXFileReference; lastKnownFileType = sourcecode.swift; path = Pickers.swift; sourceTree = "<group>"; };
		906AB8072C143C4F000643B8 /* OnAppearDisappear.swift */ = {isa = PBXFileReference; lastKnownFileType = sourcecode.swift; path = OnAppearDisappear.swift; sourceTree = "<group>"; };
		906AB8092C143CEC000643B8 /* IfLetGuard.swift */ = {isa = PBXFileReference; lastKnownFileType = sourcecode.swift; path = IfLetGuard.swift; sourceTree = "<group>"; };
		906AB80B2C143FD2000643B8 /* CustomModel.swift */ = {isa = PBXFileReference; lastKnownFileType = sourcecode.swift; path = CustomModel.swift; sourceTree = "<group>"; };
		906AB80F2C1448FC000643B8 /* FruitModel.swift */ = {isa = PBXFileReference; fileEncoding = 4; lastKnownFileType = sourcecode.swift; path = FruitModel.swift; sourceTree = "<group>"; };
		906AB8102C1448FC000643B8 /* FruitViewModel.swift */ = {isa = PBXFileReference; fileEncoding = 4; lastKnownFileType = sourcecode.swift; path = FruitViewModel.swift; sourceTree = "<group>"; };
		906AB8112C1448FC000643B8 /* ViewModelBootcamp.swift */ = {isa = PBXFileReference; fileEncoding = 4; lastKnownFileType = sourcecode.swift; path = ViewModelBootcamp.swift; sourceTree = "<group>"; };
		906AB8162C158907000643B8 /* EnvironmentObjectBootcamp.swift */ = {isa = PBXFileReference; lastKnownFileType = sourcecode.swift; path = EnvironmentObjectBootcamp.swift; sourceTree = "<group>"; };
		906AB8182C158D1F000643B8 /* AppStorageBootcamp.swift */ = {isa = PBXFileReference; lastKnownFileType = sourcecode.swift; path = AppStorageBootcamp.swift; sourceTree = "<group>"; };
		906AB81B2C1590F0000643B8 /* IntroView.swift */ = {isa = PBXFileReference; lastKnownFileType = sourcecode.swift; path = IntroView.swift; sourceTree = "<group>"; };
		906AB81D2C1590FA000643B8 /* OnboardingView.swift */ = {isa = PBXFileReference; lastKnownFileType = sourcecode.swift; path = OnboardingView.swift; sourceTree = "<group>"; };
		906AB81F2C159109000643B8 /* ProfileView.swift */ = {isa = PBXFileReference; lastKnownFileType = sourcecode.swift; path = ProfileView.swift; sourceTree = "<group>"; };
		906AB8222C159212000643B8 /* OnboardingViewComponents.swift */ = {isa = PBXFileReference; lastKnownFileType = sourcecode.swift; path = OnboardingViewComponents.swift; sourceTree = "<group>"; };
		906AB8242C15935A000643B8 /* AsyncImageBootcamp.swift */ = {isa = PBXFileReference; lastKnownFileType = sourcecode.swift; path = AsyncImageBootcamp.swift; sourceTree = "<group>"; };
		906AB8262C159582000643B8 /* NavigationStackBootcamp.swift */ = {isa = PBXFileReference; lastKnownFileType = sourcecode.swift; path = NavigationStackBootcamp.swift; sourceTree = "<group>"; };
/* End PBXFileReference section */

/* Begin PBXFrameworksBuildPhase section */
		9051A1E72C120EFC002AF636 /* Frameworks */ = {
			isa = PBXFrameworksBuildPhase;
			buildActionMask = 2147483647;
			files = (
			);
			runOnlyForDeploymentPostprocessing = 0;
		};
/* End PBXFrameworksBuildPhase section */

/* Begin PBXGroup section */
		9051A1E12C120EFC002AF636 = {
			isa = PBXGroup;
			children = (
				9051A1EC2C120EFC002AF636 /* swift-tutorial */,
				9051A1EB2C120EFC002AF636 /* Products */,
			);
			sourceTree = "<group>";
		};
		9051A1EB2C120EFC002AF636 /* Products */ = {
			isa = PBXGroup;
			children = (
				9051A1EA2C120EFC002AF636 /* swift-tutorial.app */,
			);
			name = Products;
			sourceTree = "<group>";
		};
		9051A1EC2C120EFC002AF636 /* swift-tutorial */ = {
			isa = PBXGroup;
			children = (
				906AB81A2C1590DA000643B8 /* OnboardingViews */,
				906AB8122C1448FC000643B8 /* FruitMVC */,
				906AB7F82C131C4A000643B8 /* cardPage */,
				9051A1ED2C120EFC002AF636 /* swift_tutorialApp.swift */,
				906AB8012C14340F000643B8 /* ActionsheetBootcamp.swift */,
				906AB8072C143C4F000643B8 /* OnAppearDisappear.swift */,
				906AB7F02C13154E000643B8 /* ForEachPage.swift */,
				906AB7F62C131C42000643B8 /* Animation.swift */,
				906AB7F22C131832000643B8 /* Grids.swift */,
				906AB7FB2C131F52000643B8 /* Sheets.swift */,
				906AB7F92C131E90000643B8 /* Transitions.swift */,
				906AB7FD2C1320CD000643B8 /* Navigation.swift */,
				906AB7F42C131A76000643B8 /* BindingComponent.swift */,
				906AB80B2C143FD2000643B8 /* CustomModel.swift */,
				906AB7FF2C1322BC000643B8 /* List.swift */,
				906AB7EE2C131256000643B8 /* InitEnums.swift */,
				906AB8182C158D1F000643B8 /* AppStorageBootcamp.swift */,
				906AB8162C158907000643B8 /* EnvironmentObjectBootcamp.swift */,
				906AB8262C159582000643B8 /* NavigationStackBootcamp.swift */,
				906AB8052C1439E8000643B8 /* Pickers.swift */,
				906AB8092C143CEC000643B8 /* IfLetGuard.swift */,
				906AB8032C143712000643B8 /* TextFields.swift */,
				9051A1F12C120EFE002AF636 /* Assets.xcassets */,
				9051A1F32C120EFE002AF636 /* Preview Content */,
				906AB8242C15935A000643B8 /* AsyncImageBootcamp.swift */,
			);
			path = "swift-tutorial";
			sourceTree = "<group>";
		};
		9051A1F32C120EFE002AF636 /* Preview Content */ = {
			isa = PBXGroup;
			children = (
				9051A1F42C120EFE002AF636 /* Preview Assets.xcassets */,
			);
			path = "Preview Content";
			sourceTree = "<group>";
		};
		906AB7F82C131C4A000643B8 /* cardPage */ = {
			isa = PBXGroup;
			children = (
				906AB7EA2C131070000643B8 /* DealButton.swift */,
				9051A1EF2C120EFC002AF636 /* ContentView.swift */,
			);
			path = cardPage;
			sourceTree = "<group>";
		};
		906AB8122C1448FC000643B8 /* FruitMVC */ = {
			isa = PBXGroup;
			children = (
				906AB80F2C1448FC000643B8 /* FruitModel.swift */,
				906AB8102C1448FC000643B8 /* FruitViewModel.swift */,
				906AB8112C1448FC000643B8 /* ViewModelBootcamp.swift */,
			);
			path = FruitMVC;
			sourceTree = "<group>";
		};
		906AB81A2C1590DA000643B8 /* OnboardingViews */ = {
			isa = PBXGroup;
			children = (
				906AB8212C159160000643B8 /* components */,
				906AB81B2C1590F0000643B8 /* IntroView.swift */,
				906AB81D2C1590FA000643B8 /* OnboardingView.swift */,
				906AB81F2C159109000643B8 /* ProfileView.swift */,
			);
			path = OnboardingViews;
			sourceTree = "<group>";
		};
		906AB8212C159160000643B8 /* components */ = {
			isa = PBXGroup;
			children = (
				906AB8222C159212000643B8 /* OnboardingViewComponents.swift */,
			);
			path = components;
			sourceTree = "<group>";
		};
/* End PBXGroup section */

/* Begin PBXNativeTarget section */
		9051A1E92C120EFC002AF636 /* swift-tutorial */ = {
			isa = PBXNativeTarget;
			buildConfigurationList = 9051A1F82C120EFE002AF636 /* Build configuration list for PBXNativeTarget "swift-tutorial" */;
			buildPhases = (
				9051A1E62C120EFC002AF636 /* Sources */,
				9051A1E72C120EFC002AF636 /* Frameworks */,
				9051A1E82C120EFC002AF636 /* Resources */,
			);
			buildRules = (
			);
			dependencies = (
			);
			name = "swift-tutorial";
			productName = "swift-tutorial";
			productReference = 9051A1EA2C120EFC002AF636 /* swift-tutorial.app */;
			productType = "com.apple.product-type.application";
		};
/* End PBXNativeTarget section */

/* Begin PBXProject section */
		9051A1E22C120EFC002AF636 /* Project object */ = {
			isa = PBXProject;
			attributes = {
				BuildIndependentTargetsInParallel = 1;
				LastSwiftUpdateCheck = 1540;
				LastUpgradeCheck = 1540;
				TargetAttributes = {
					9051A1E92C120EFC002AF636 = {
						CreatedOnToolsVersion = 15.4;
					};
				};
			};
			buildConfigurationList = 9051A1E52C120EFC002AF636 /* Build configuration list for PBXProject "swift-tutorial" */;
			compatibilityVersion = "Xcode 14.0";
			developmentRegion = en;
			hasScannedForEncodings = 0;
			knownRegions = (
				en,
				Base,
			);
			mainGroup = 9051A1E12C120EFC002AF636;
			productRefGroup = 9051A1EB2C120EFC002AF636 /* Products */;
			projectDirPath = "";
			projectRoot = "";
			targets = (
				9051A1E92C120EFC002AF636 /* swift-tutorial */,
			);
		};
/* End PBXProject section */

/* Begin PBXResourcesBuildPhase section */
		9051A1E82C120EFC002AF636 /* Resources */ = {
			isa = PBXResourcesBuildPhase;
			buildActionMask = 2147483647;
			files = (
				9051A1F52C120EFE002AF636 /* Preview Assets.xcassets in Resources */,
				9051A1F22C120EFE002AF636 /* Assets.xcassets in Resources */,
			);
			runOnlyForDeploymentPostprocessing = 0;
		};
/* End PBXResourcesBuildPhase section */

/* Begin PBXSourcesBuildPhase section */
		9051A1E62C120EFC002AF636 /* Sources */ = {
			isa = PBXSourcesBuildPhase;
			buildActionMask = 2147483647;
			files = (
				906AB8062C1439E8000643B8 /* Pickers.swift in Sources */,
				906AB8082C143C4F000643B8 /* OnAppearDisappear.swift in Sources */,
				906AB8022C14340F000643B8 /* ActionsheetBootcamp.swift in Sources */,
				906AB80A2C143CEC000643B8 /* IfLetGuard.swift in Sources */,
				9051A1F02C120EFC002AF636 /* ContentView.swift in Sources */,
				906AB7F32C131832000643B8 /* Grids.swift in Sources */,
				906AB8192C158D1F000643B8 /* AppStorageBootcamp.swift in Sources */,
				906AB8272C159582000643B8 /* NavigationStackBootcamp.swift in Sources */,
				906AB80C2C143FD2000643B8 /* CustomModel.swift in Sources */,
				906AB8152C1448FD000643B8 /* ViewModelBootcamp.swift in Sources */,
				906AB7F72C131C42000643B8 /* Animation.swift in Sources */,
				906AB8172C158907000643B8 /* EnvironmentObjectBootcamp.swift in Sources */,
				906AB7FE2C1320CD000643B8 /* Navigation.swift in Sources */,
				906AB8232C159212000643B8 /* OnboardingViewComponents.swift in Sources */,
				906AB8042C143712000643B8 /* TextFields.swift in Sources */,
				906AB7FA2C131E90000643B8 /* Transitions.swift in Sources */,
				906AB8202C159109000643B8 /* ProfileView.swift in Sources */,
				906AB8002C1322BC000643B8 /* List.swift in Sources */,
				906AB8252C15935A000643B8 /* AsyncImageBootcamp.swift in Sources */,
				906AB7F12C13154E000643B8 /* ForEachPage.swift in Sources */,
				906AB7EF2C131256000643B8 /* InitEnums.swift in Sources */,
				906AB81C2C1590F0000643B8 /* IntroView.swift in Sources */,
				906AB81E2C1590FA000643B8 /* OnboardingView.swift in Sources */,
				9051A1EE2C120EFC002AF636 /* swift_tutorialApp.swift in Sources */,
				906AB7EB2C131070000643B8 /* DealButton.swift in Sources */,
				906AB8132C1448FD000643B8 /* FruitModel.swift in Sources */,
				906AB8142C1448FD000643B8 /* FruitViewModel.swift in Sources */,
				906AB7F52C131A76000643B8 /* BindingComponent.swift in Sources */,
				906AB7FC2C131F52000643B8 /* Sheets.swift in Sources */,
			);
			runOnlyForDeploymentPostprocessing = 0;
		};
/* End PBXSourcesBuildPhase section */

/* Begin XCBuildConfiguration section */
		9051A1F62C120EFE002AF636 /* Debug */ = {
			isa = XCBuildConfiguration;
			buildSettings = {
				ALWAYS_SEARCH_USER_PATHS = NO;
				ASSETCATALOG_COMPILER_GENERATE_SWIFT_ASSET_SYMBOL_EXTENSIONS = YES;
				CLANG_ANALYZER_NONNULL = YES;
				CLANG_ANALYZER_NUMBER_OBJECT_CONVERSION = YES_AGGRESSIVE;
				CLANG_CXX_LANGUAGE_STANDARD = "gnu++20";
				CLANG_ENABLE_MODULES = YES;
				CLANG_ENABLE_OBJC_ARC = YES;
				CLANG_ENABLE_OBJC_WEAK = YES;
				CLANG_WARN_BLOCK_CAPTURE_AUTORELEASING = YES;
				CLANG_WARN_BOOL_CONVERSION = YES;
				CLANG_WARN_COMMA = YES;
				CLANG_WARN_CONSTANT_CONVERSION = YES;
				CLANG_WARN_DEPRECATED_OBJC_IMPLEMENTATIONS = YES;
				CLANG_WARN_DIRECT_OBJC_ISA_USAGE = YES_ERROR;
				CLANG_WARN_DOCUMENTATION_COMMENTS = YES;
				CLANG_WARN_EMPTY_BODY = YES;
				CLANG_WARN_ENUM_CONVERSION = YES;
				CLANG_WARN_INFINITE_RECURSION = YES;
				CLANG_WARN_INT_CONVERSION = YES;
				CLANG_WARN_NON_LITERAL_NULL_CONVERSION = YES;
				CLANG_WARN_OBJC_IMPLICIT_RETAIN_SELF = YES;
				CLANG_WARN_OBJC_LITERAL_CONVERSION = YES;
				CLANG_WARN_OBJC_ROOT_CLASS = YES_ERROR;
				CLANG_WARN_QUOTED_INCLUDE_IN_FRAMEWORK_HEADER = YES;
				CLANG_WARN_RANGE_LOOP_ANALYSIS = YES;
				CLANG_WARN_STRICT_PROTOTYPES = YES;
				CLANG_WARN_SUSPICIOUS_MOVE = YES;
				CLANG_WARN_UNGUARDED_AVAILABILITY = YES_AGGRESSIVE;
				CLANG_WARN_UNREACHABLE_CODE = YES;
				CLANG_WARN__DUPLICATE_METHOD_MATCH = YES;
				COPY_PHASE_STRIP = NO;
				DEBUG_INFORMATION_FORMAT = dwarf;
				ENABLE_STRICT_OBJC_MSGSEND = YES;
				ENABLE_TESTABILITY = YES;
				ENABLE_USER_SCRIPT_SANDBOXING = YES;
				GCC_C_LANGUAGE_STANDARD = gnu17;
				GCC_DYNAMIC_NO_PIC = NO;
				GCC_NO_COMMON_BLOCKS = YES;
				GCC_OPTIMIZATION_LEVEL = 0;
				GCC_PREPROCESSOR_DEFINITIONS = (
					"DEBUG=1",
					"$(inherited)",
				);
				GCC_WARN_64_TO_32_BIT_CONVERSION = YES;
				GCC_WARN_ABOUT_RETURN_TYPE = YES_ERROR;
				GCC_WARN_UNDECLARED_SELECTOR = YES;
				GCC_WARN_UNINITIALIZED_AUTOS = YES_AGGRESSIVE;
				GCC_WARN_UNUSED_FUNCTION = YES;
				GCC_WARN_UNUSED_VARIABLE = YES;
				IPHONEOS_DEPLOYMENT_TARGET = 17.5;
				LOCALIZATION_PREFERS_STRING_CATALOGS = YES;
				MTL_ENABLE_DEBUG_INFO = INCLUDE_SOURCE;
				MTL_FAST_MATH = YES;
				ONLY_ACTIVE_ARCH = YES;
				SDKROOT = iphoneos;
				SWIFT_ACTIVE_COMPILATION_CONDITIONS = "DEBUG $(inherited)";
				SWIFT_OPTIMIZATION_LEVEL = "-Onone";
			};
			name = Debug;
		};
		9051A1F72C120EFE002AF636 /* Release */ = {
			isa = XCBuildConfiguration;
			buildSettings = {
				ALWAYS_SEARCH_USER_PATHS = NO;
				ASSETCATALOG_COMPILER_GENERATE_SWIFT_ASSET_SYMBOL_EXTENSIONS = YES;
				CLANG_ANALYZER_NONNULL = YES;
				CLANG_ANALYZER_NUMBER_OBJECT_CONVERSION = YES_AGGRESSIVE;
				CLANG_CXX_LANGUAGE_STANDARD = "gnu++20";
				CLANG_ENABLE_MODULES = YES;
				CLANG_ENABLE_OBJC_ARC = YES;
				CLANG_ENABLE_OBJC_WEAK = YES;
				CLANG_WARN_BLOCK_CAPTURE_AUTORELEASING = YES;
				CLANG_WARN_BOOL_CONVERSION = YES;
				CLANG_WARN_COMMA = YES;
				CLANG_WARN_CONSTANT_CONVERSION = YES;
				CLANG_WARN_DEPRECATED_OBJC_IMPLEMENTATIONS = YES;
				CLANG_WARN_DIRECT_OBJC_ISA_USAGE = YES_ERROR;
				CLANG_WARN_DOCUMENTATION_COMMENTS = YES;
				CLANG_WARN_EMPTY_BODY = YES;
				CLANG_WARN_ENUM_CONVERSION = YES;
				CLANG_WARN_INFINITE_RECURSION = YES;
				CLANG_WARN_INT_CONVERSION = YES;
				CLANG_WARN_NON_LITERAL_NULL_CONVERSION = YES;
				CLANG_WARN_OBJC_IMPLICIT_RETAIN_SELF = YES;
				CLANG_WARN_OBJC_LITERAL_CONVERSION = YES;
				CLANG_WARN_OBJC_ROOT_CLASS = YES_ERROR;
				CLANG_WARN_QUOTED_INCLUDE_IN_FRAMEWORK_HEADER = YES;
				CLANG_WARN_RANGE_LOOP_ANALYSIS = YES;
				CLANG_WARN_STRICT_PROTOTYPES = YES;
				CLANG_WARN_SUSPICIOUS_MOVE = YES;
				CLANG_WARN_UNGUARDED_AVAILABILITY = YES_AGGRESSIVE;
				CLANG_WARN_UNREACHABLE_CODE = YES;
				CLANG_WARN__DUPLICATE_METHOD_MATCH = YES;
				COPY_PHASE_STRIP = NO;
				DEBUG_INFORMATION_FORMAT = "dwarf-with-dsym";
				ENABLE_NS_ASSERTIONS = NO;
				ENABLE_STRICT_OBJC_MSGSEND = YES;
				ENABLE_USER_SCRIPT_SANDBOXING = YES;
				GCC_C_LANGUAGE_STANDARD = gnu17;
				GCC_NO_COMMON_BLOCKS = YES;
				GCC_WARN_64_TO_32_BIT_CONVERSION = YES;
				GCC_WARN_ABOUT_RETURN_TYPE = YES_ERROR;
				GCC_WARN_UNDECLARED_SELECTOR = YES;
				GCC_WARN_UNINITIALIZED_AUTOS = YES_AGGRESSIVE;
				GCC_WARN_UNUSED_FUNCTION = YES;
				GCC_WARN_UNUSED_VARIABLE = YES;
				IPHONEOS_DEPLOYMENT_TARGET = 17.5;
				LOCALIZATION_PREFERS_STRING_CATALOGS = YES;
				MTL_ENABLE_DEBUG_INFO = NO;
				MTL_FAST_MATH = YES;
				SDKROOT = iphoneos;
				SWIFT_COMPILATION_MODE = wholemodule;
				VALIDATE_PRODUCT = YES;
			};
			name = Release;
		};
		9051A1F92C120EFE002AF636 /* Debug */ = {
			isa = XCBuildConfiguration;
			buildSettings = {
				ASSETCATALOG_COMPILER_APPICON_NAME = AppIcon;
				ASSETCATALOG_COMPILER_GLOBAL_ACCENT_COLOR_NAME = AccentColor;
				CODE_SIGN_STYLE = Automatic;
				CURRENT_PROJECT_VERSION = 1;
				DEVELOPMENT_ASSET_PATHS = "\"swift-tutorial/Preview Content\"";
				ENABLE_PREVIEWS = YES;
				GENERATE_INFOPLIST_FILE = YES;
				INFOPLIST_KEY_UIApplicationSceneManifest_Generation = YES;
				INFOPLIST_KEY_UIApplicationSupportsIndirectInputEvents = YES;
				INFOPLIST_KEY_UILaunchScreen_Generation = YES;
				INFOPLIST_KEY_UISupportedInterfaceOrientations_iPad = "UIInterfaceOrientationPortrait UIInterfaceOrientationPortraitUpsideDown UIInterfaceOrientationLandscapeLeft UIInterfaceOrientationLandscapeRight";
				INFOPLIST_KEY_UISupportedInterfaceOrientations_iPhone = "UIInterfaceOrientationPortrait UIInterfaceOrientationLandscapeLeft UIInterfaceOrientationLandscapeRight";
				LD_RUNPATH_SEARCH_PATHS = (
					"$(inherited)",
					"@executable_path/Frameworks",
				);
				MARKETING_VERSION = 1.0;
				PRODUCT_BUNDLE_IDENTIFIER = "qm.swift-tutorial";
				PRODUCT_NAME = "$(TARGET_NAME)";
				SWIFT_EMIT_LOC_STRINGS = YES;
				SWIFT_VERSION = 5.0;
				TARGETED_DEVICE_FAMILY = "1,2";
			};
			name = Debug;
		};
		9051A1FA2C120EFE002AF636 /* Release */ = {
			isa = XCBuildConfiguration;
			buildSettings = {
				ASSETCATALOG_COMPILER_APPICON_NAME = AppIcon;
				ASSETCATALOG_COMPILER_GLOBAL_ACCENT_COLOR_NAME = AccentColor;
				CODE_SIGN_STYLE = Automatic;
				CURRENT_PROJECT_VERSION = 1;
				DEVELOPMENT_ASSET_PATHS = "\"swift-tutorial/Preview Content\"";
				ENABLE_PREVIEWS = YES;
				GENERATE_INFOPLIST_FILE = YES;
				INFOPLIST_KEY_UIApplicationSceneManifest_Generation = YES;
				INFOPLIST_KEY_UIApplicationSupportsIndirectInputEvents = YES;
				INFOPLIST_KEY_UILaunchScreen_Generation = YES;
				INFOPLIST_KEY_UISupportedInterfaceOrientations_iPad = "UIInterfaceOrientationPortrait UIInterfaceOrientationPortraitUpsideDown UIInterfaceOrientationLandscapeLeft UIInterfaceOrientationLandscapeRight";
				INFOPLIST_KEY_UISupportedInterfaceOrientations_iPhone = "UIInterfaceOrientationPortrait UIInterfaceOrientationLandscapeLeft UIInterfaceOrientationLandscapeRight";
				LD_RUNPATH_SEARCH_PATHS = (
					"$(inherited)",
					"@executable_path/Frameworks",
				);
				MARKETING_VERSION = 1.0;
				PRODUCT_BUNDLE_IDENTIFIER = "qm.swift-tutorial";
				PRODUCT_NAME = "$(TARGET_NAME)";
				SWIFT_EMIT_LOC_STRINGS = YES;
				SWIFT_VERSION = 5.0;
				TARGETED_DEVICE_FAMILY = "1,2";
			};
			name = Release;
		};
/* End XCBuildConfiguration section */

/* Begin XCConfigurationList section */
		9051A1E52C120EFC002AF636 /* Build configuration list for PBXProject "swift-tutorial" */ = {
			isa = XCConfigurationList;
			buildConfigurations = (
				9051A1F62C120EFE002AF636 /* Debug */,
				9051A1F72C120EFE002AF636 /* Release */,
			);
			defaultConfigurationIsVisible = 0;
			defaultConfigurationName = Release;
		};
		9051A1F82C120EFE002AF636 /* Build configuration list for PBXNativeTarget "swift-tutorial" */ = {
			isa = XCConfigurationList;
			buildConfigurations = (
				9051A1F92C120EFE002AF636 /* Debug */,
				9051A1FA2C120EFE002AF636 /* Release */,
			);
			defaultConfigurationIsVisible = 0;
			defaultConfigurationName = Release;
		};
/* End XCConfigurationList section */
	};
	rootObject = 9051A1E22C120EFC002AF636 /* Project object */;
}
